
Microsoft Visual Studio Solution File, Format Version 12.00
# Visual Studio Version 16
VisualStudioVersion = 16.0.32510.428
MinimumVisualStudioVersion = 10.0.40219.1
Project("{FAE04EC0-301F-11D3-BF4B-00C04F79EFBC}") = "Company project management system", "Company project management system.csproj", "{5D9FF162-B0B3-4E03-9886-6800344B61ED}"
EndProject
Global
	GlobalSection(SolutionConfigurationPlatforms) = preSolution
		Debug|Any CPU = Debug|Any CPU
		Release|Any CPU = Release|Any CPU
	EndGlobalSection
	GlobalSection(ProjectConfigurationPlatforms) = postSolution
		{5D9FF162-B0B3-4E03-9886-6800344B61ED}.Debug|Any CPU.ActiveCfg = Debug|Any CPU
		{5D9FF162-B0B3-4E03-9886-6800344B61ED}.Debug|Any CPU.Build.0 = Debug|Any CPU
		{5D9FF162-B0B3-4E03-9886-6800344B61ED}.Release|Any CPU.ActiveCfg = Release|Any CPU
		{5D9FF162-B0B3-4E03-9886-6800344B61ED}.Release|Any CPU.Build.0 = Release|Any CPU
	EndGlobalSection
	GlobalSection(SolutionProperties) = preSolution
		HideSolutionNode = FALSE
	EndGlobalSection
	GlobalSection(ExtensibilityGlobals) = postSolution
		SolutionGuid = {28ECF5DD-01FB-485E-AF0C-4D2E0EC142A7}
	EndGlobalSection
EndGlobal
